
Microsoft Visual Studio Solution File, Format Version 12.00
# Visual Studio 2013
VisualStudioVersion = 12.0.31101.0
MinimumVisualStudioVersion = 10.0.40219.1
Project("{FAE04EC0-301F-11D3-BF4B-00C04F79EFBC}") = "pssst.Api.Pcl.Tests.Unit", "pssst.Api.Pcl.Tests.Unit\pssst.Api.Pcl.Tests.Unit.csproj", "{0B3EB0AB-A3EC-45E1-96B2-3D6E6FE82F5C}"
EndProject
Project("{FAE04EC0-301F-11D3-BF4B-00C04F79EFBC}") = "pssst.Cli", "pssst.Cli\pssst.Cli.csproj", "{41EEB45B-7955-4B09-878B-E4F8D6186DA4}"
EndProject
Project("{FAE04EC0-301F-11D3-BF4B-00C04F79EFBC}") = "pssst.Api.Pcl", "pssst.Api.Pcl\pssst.Api.Pcl.csproj", "{FA3D70FA-66BE-4CFE-BCED-79BCE7BC39B5}"
EndProject
Global
	GlobalSection(SolutionConfigurationPlatforms) = preSolution
		Debug|Any CPU = Debug|Any CPU
		Release|Any CPU = Release|Any CPU
	EndGlobalSection
	GlobalSection(ProjectConfigurationPlatforms) = postSolution
		{0B3EB0AB-A3EC-45E1-96B2-3D6E6FE82F5C}.Debug|Any CPU.ActiveCfg = Debug|Any CPU
		{0B3EB0AB-A3EC-45E1-96B2-3D6E6FE82F5C}.Debug|Any CPU.Build.0 = Debug|Any CPU
		{0B3EB0AB-A3EC-45E1-96B2-3D6E6FE82F5C}.Release|Any CPU.ActiveCfg = Release|Any CPU
		{0B3EB0AB-A3EC-45E1-96B2-3D6E6FE82F5C}.Release|Any CPU.Build.0 = Release|Any CPU
		{41EEB45B-7955-4B09-878B-E4F8D6186DA4}.Debug|Any CPU.ActiveCfg = Debug|Any CPU
		{41EEB45B-7955-4B09-878B-E4F8D6186DA4}.Debug|Any CPU.Build.0 = Debug|Any CPU
		{41EEB45B-7955-4B09-878B-E4F8D6186DA4}.Release|Any CPU.ActiveCfg = Release|Any CPU
		{41EEB45B-7955-4B09-878B-E4F8D6186DA4}.Release|Any CPU.Build.0 = Release|Any CPU
		{FA3D70FA-66BE-4CFE-BCED-79BCE7BC39B5}.Debug|Any CPU.ActiveCfg = Debug|Any CPU
		{FA3D70FA-66BE-4CFE-BCED-79BCE7BC39B5}.Debug|Any CPU.Build.0 = Debug|Any CPU
		{FA3D70FA-66BE-4CFE-BCED-79BCE7BC39B5}.Release|Any CPU.ActiveCfg = Release|Any CPU
		{FA3D70FA-66BE-4CFE-BCED-79BCE7BC39B5}.Release|Any CPU.Build.0 = Release|Any CPU
	EndGlobalSection
	GlobalSection(SolutionProperties) = preSolution
		HideSolutionNode = FALSE
	EndGlobalSection
EndGlobal
